// !$*UTF8*$!
{
	archiveVersion = 1;
	classes = {
	};
	objectVersion = 46;
	objects = {

/* Begin PBXBuildFile section */
		BA8372221A89B74E003F3013 /* YelpClient.swift in Sources */ = {isa = PBXBuildFile; fileRef = BA8372211A89B74E003F3013 /* YelpClient.swift */; };
		BAD7A28B1A89B290003ED7D7 /* AppDelegate.swift in Sources */ = {isa = PBXBuildFile; fileRef = BAD7A28A1A89B290003ED7D7 /* AppDelegate.swift */; };
		BAD7A28D1A89B290003ED7D7 /* ViewController.swift in Sources */ = {isa = PBXBuildFile; fileRef = BAD7A28C1A89B290003ED7D7 /* ViewController.swift */; };
		BAD7A2901A89B290003ED7D7 /* Main.storyboard in Resources */ = {isa = PBXBuildFile; fileRef = BAD7A28E1A89B290003ED7D7 /* Main.storyboard */; };
		BAD7A2921A89B290003ED7D7 /* Images.xcassets in Resources */ = {isa = PBXBuildFile; fileRef = BAD7A2911A89B290003ED7D7 /* Images.xcassets */; };
		BAD7A2951A89B290003ED7D7 /* LaunchScreen.xib in Resources */ = {isa = PBXBuildFile; fileRef = BAD7A2931A89B290003ED7D7 /* LaunchScreen.xib */; };
		BAD7A2A11A89B290003ED7D7 /* YelpMeOutHereTests.swift in Sources */ = {isa = PBXBuildFile; fileRef = BAD7A2A01A89B290003ED7D7 /* YelpMeOutHereTests.swift */; };
		BAE9EC5D1A89BE510045AE27 /* Venue.swift in Sources */ = {isa = PBXBuildFile; fileRef = BAE9EC5C1A89BE510045AE27 /* Venue.swift */; };
		BAE9EC601A89CCEF0045AE27 /* VenueCell.swift in Sources */ = {isa = PBXBuildFile; fileRef = BAE9EC5F1A89CCEF0045AE27 /* VenueCell.swift */; };
		D3857290B2B6F58CD1F8B0D7 /* libPods.a in Frameworks */ = {isa = PBXBuildFile; fileRef = AB7B30B1F77DC4AB8B2A06E5 /* libPods.a */; };
/* End PBXBuildFile section */

/* Begin PBXContainerItemProxy section */
		BAD7A29B1A89B290003ED7D7 /* PBXContainerItemProxy */ = {
			isa = PBXContainerItemProxy;
			containerPortal = BAD7A27D1A89B290003ED7D7 /* Project object */;
			proxyType = 1;
			remoteGlobalIDString = BAD7A2841A89B290003ED7D7;
			remoteInfo = YelpMeOutHere;
		};
/* End PBXContainerItemProxy section */

/* Begin PBXFileReference section */
		0EBC194BBBFD945D9BE451C4 /* Pods.release.xcconfig */ = {isa = PBXFileReference; includeInIndex = 1; lastKnownFileType = text.xcconfig; name = Pods.release.xcconfig; path = "Pods/Target Support Files/Pods/Pods.release.xcconfig"; sourceTree = "<group>"; };
		8B71C1FB6D118036CD720A53 /* Pods.debug.xcconfig */ = {isa = PBXFileReference; includeInIndex = 1; lastKnownFileType = text.xcconfig; name = Pods.debug.xcconfig; path = "Pods/Target Support Files/Pods/Pods.debug.xcconfig"; sourceTree = "<group>"; };
		AB7B30B1F77DC4AB8B2A06E5 /* libPods.a */ = {isa = PBXFileReference; explicitFileType = archive.ar; includeInIndex = 0; path = libPods.a; sourceTree = BUILT_PRODUCTS_DIR; };
		BA83721E1A89B712003F3013 /* YelpMeOutHere-Bridging-Header.h */ = {isa = PBXFileReference; lastKnownFileType = sourcecode.c.h; path = "YelpMeOutHere-Bridging-Header.h"; sourceTree = "<group>"; };
		BA8372211A89B74E003F3013 /* YelpClient.swift */ = {isa = PBXFileReference; fileEncoding = 4; lastKnownFileType = sourcecode.swift; path = YelpClient.swift; sourceTree = "<group>"; };
		BAD7A2851A89B290003ED7D7 /* YelpMeOutHere.app */ = {isa = PBXFileReference; explicitFileType = wrapper.application; includeInIndex = 0; path = YelpMeOutHere.app; sourceTree = BUILT_PRODUCTS_DIR; };
		BAD7A2891A89B290003ED7D7 /* Info.plist */ = {isa = PBXFileReference; lastKnownFileType = text.plist.xml; path = Info.plist; sourceTree = "<group>"; };
		BAD7A28A1A89B290003ED7D7 /* AppDelegate.swift */ = {isa = PBXFileReference; lastKnownFileType = sourcecode.swift; path = AppDelegate.swift; sourceTree = "<group>"; };
		BAD7A28C1A89B290003ED7D7 /* ViewController.swift */ = {isa = PBXFileReference; lastKnownFileType = sourcecode.swift; path = ViewController.swift; sourceTree = "<group>"; };
		BAD7A28F1A89B290003ED7D7 /* Base */ = {isa = PBXFileReference; lastKnownFileType = file.storyboard; name = Base; path = Base.lproj/Main.storyboard; sourceTree = "<group>"; };
		BAD7A2911A89B290003ED7D7 /* Images.xcassets */ = {isa = PBXFileReference; lastKnownFileType = folder.assetcatalog; path = Images.xcassets; sourceTree = "<group>"; };
		BAD7A2941A89B290003ED7D7 /* Base */ = {isa = PBXFileReference; lastKnownFileType = file.xib; name = Base; path = Base.lproj/LaunchScreen.xib; sourceTree = "<group>"; };
		BAD7A29A1A89B290003ED7D7 /* YelpMeOutHereTests.xctest */ = {isa = PBXFileReference; explicitFileType = wrapper.cfbundle; includeInIndex = 0; path = YelpMeOutHereTests.xctest; sourceTree = BUILT_PRODUCTS_DIR; };
		BAD7A29F1A89B290003ED7D7 /* Info.plist */ = {isa = PBXFileReference; lastKnownFileType = text.plist.xml; path = Info.plist; sourceTree = "<group>"; };
		BAD7A2A01A89B290003ED7D7 /* YelpMeOutHereTests.swift */ = {isa = PBXFileReference; lastKnownFileType = sourcecode.swift; path = YelpMeOutHereTests.swift; sourceTree = "<group>"; };
		BAE9EC5C1A89BE510045AE27 /* Venue.swift */ = {isa = PBXFileReference; fileEncoding = 4; lastKnownFileType = sourcecode.swift; path = Venue.swift; sourceTree = "<group>"; };
		BAE9EC5F1A89CCEF0045AE27 /* VenueCell.swift */ = {isa = PBXFileReference; fileEncoding = 4; lastKnownFileType = sourcecode.swift; path = VenueCell.swift; sourceTree = "<group>"; };
/* End PBXFileReference section */

/* Begin PBXFrameworksBuildPhase section */
		BAD7A2821A89B290003ED7D7 /* Frameworks */ = {
			isa = PBXFrameworksBuildPhase;
			buildActionMask = 2147483647;
			files = (
				D3857290B2B6F58CD1F8B0D7 /* libPods.a in Frameworks */,
			);
			runOnlyForDeploymentPostprocessing = 0;
		};
		BAD7A2971A89B290003ED7D7 /* Frameworks */ = {
			isa = PBXFrameworksBuildPhase;
			buildActionMask = 2147483647;
			files = (
			);
			runOnlyForDeploymentPostprocessing = 0;
		};
/* End PBXFrameworksBuildPhase section */

/* Begin PBXGroup section */
		449C43A83198775EA204EF5A /* Pods */ = {
			isa = PBXGroup;
			children = (
				8B71C1FB6D118036CD720A53 /* Pods.debug.xcconfig */,
				0EBC194BBBFD945D9BE451C4 /* Pods.release.xcconfig */,
			);
			name = Pods;
			sourceTree = "<group>";
		};
		8BC51A0F136C6D1E0AE0B60F /* Frameworks */ = {
			isa = PBXGroup;
			children = (
				AB7B30B1F77DC4AB8B2A06E5 /* libPods.a */,
			);
			name = Frameworks;
			sourceTree = "<group>";
		};
		BA6E7B951A89B8FD0074D10E /* API */ = {
			isa = PBXGroup;
			children = (
				BA8372211A89B74E003F3013 /* YelpClient.swift */,
			);
			name = API;
			sourceTree = "<group>";
		};
		BAD7A27C1A89B290003ED7D7 = {
			isa = PBXGroup;
			children = (
				BAD7A2871A89B290003ED7D7 /* YelpMeOutHere */,
				BAD7A29D1A89B290003ED7D7 /* YelpMeOutHereTests */,
				BAD7A2861A89B290003ED7D7 /* Products */,
				449C43A83198775EA204EF5A /* Pods */,
				8BC51A0F136C6D1E0AE0B60F /* Frameworks */,
				BA83721E1A89B712003F3013 /* YelpMeOutHere-Bridging-Header.h */,
			);
			sourceTree = "<group>";
		};
		BAD7A2861A89B290003ED7D7 /* Products */ = {
			isa = PBXGroup;
			children = (
				BAD7A2851A89B290003ED7D7 /* YelpMeOutHere.app */,
				BAD7A29A1A89B290003ED7D7 /* YelpMeOutHereTests.xctest */,
			);
			name = Products;
			sourceTree = "<group>";
		};
		BAD7A2871A89B290003ED7D7 /* YelpMeOutHere */ = {
			isa = PBXGroup;
			children = (
				BAE9EC5E1A89CCBD0045AE27 /* Controllers */,
				BAE9EC5B1A89BE350045AE27 /* Models */,
				BA6E7B951A89B8FD0074D10E /* API */,
				BAD7A28A1A89B290003ED7D7 /* AppDelegate.swift */,
				BAD7A28E1A89B290003ED7D7 /* Main.storyboard */,
				BAD7A2911A89B290003ED7D7 /* Images.xcassets */,
				BAD7A2931A89B290003ED7D7 /* LaunchScreen.xib */,
				BAD7A2881A89B290003ED7D7 /* Supporting Files */,
			);
			path = YelpMeOutHere;
			sourceTree = "<group>";
		};
		BAD7A2881A89B290003ED7D7 /* Supporting Files */ = {
			isa = PBXGroup;
			children = (
				BAD7A2891A89B290003ED7D7 /* Info.plist */,
			);
			name = "Supporting Files";
			sourceTree = "<group>";
		};
		BAD7A29D1A89B290003ED7D7 /* YelpMeOutHereTests */ = {
			isa = PBXGroup;
			children = (
				BAD7A2A01A89B290003ED7D7 /* YelpMeOutHereTests.swift */,
				BAD7A29E1A89B290003ED7D7 /* Supporting Files */,
			);
			path = YelpMeOutHereTests;
			sourceTree = "<group>";
		};
		BAD7A29E1A89B290003ED7D7 /* Supporting Files */ = {
			isa = PBXGroup;
			children = (
				BAD7A29F1A89B290003ED7D7 /* Info.plist */,
			);
			name = "Supporting Files";
			sourceTree = "<group>";
		};
		BAE9EC5B1A89BE350045AE27 /* Models */ = {
			isa = PBXGroup;
			children = (
				BAE9EC5C1A89BE510045AE27 /* Venue.swift */,
			);
			name = Models;
			sourceTree = "<group>";
		};
		BAE9EC5E1A89CCBD0045AE27 /* Controllers */ = {
			isa = PBXGroup;
			children = (
				BAD7A28C1A89B290003ED7D7 /* ViewController.swift */,
				BAE9EC5F1A89CCEF0045AE27 /* VenueCell.swift */,
			);
			name = Controllers;
			sourceTree = "<group>";
		};
/* End PBXGroup section */

/* Begin PBXNativeTarget section */
		BAD7A2841A89B290003ED7D7 /* YelpMeOutHere */ = {
			isa = PBXNativeTarget;
			buildConfigurationList = BAD7A2A41A89B290003ED7D7 /* Build configuration list for PBXNativeTarget "YelpMeOutHere" */;
			buildPhases = (
				42DD475A42E647BFFAD3563A /* Check Pods Manifest.lock */,
				BAD7A2811A89B290003ED7D7 /* Sources */,
				BAD7A2821A89B290003ED7D7 /* Frameworks */,
				BAD7A2831A89B290003ED7D7 /* Resources */,
				8008726CBDED1454FD057FDB /* Copy Pods Resources */,
			);
			buildRules = (
			);
			dependencies = (
			);
			name = YelpMeOutHere;
			productName = YelpMeOutHere;
			productReference = BAD7A2851A89B290003ED7D7 /* YelpMeOutHere.app */;
			productType = "com.apple.product-type.application";
		};
		BAD7A2991A89B290003ED7D7 /* YelpMeOutHereTests */ = {
			isa = PBXNativeTarget;
			buildConfigurationList = BAD7A2A71A89B290003ED7D7 /* Build configuration list for PBXNativeTarget "YelpMeOutHereTests" */;
			buildPhases = (
				BAD7A2961A89B290003ED7D7 /* Sources */,
				BAD7A2971A89B290003ED7D7 /* Frameworks */,
				BAD7A2981A89B290003ED7D7 /* Resources */,
			);
			buildRules = (
			);
			dependencies = (
				BAD7A29C1A89B290003ED7D7 /* PBXTargetDependency */,
			);
			name = YelpMeOutHereTests;
			productName = YelpMeOutHereTests;
			productReference = BAD7A29A1A89B290003ED7D7 /* YelpMeOutHereTests.xctest */;
			productType = "com.apple.product-type.bundle.unit-test";
		};
/* End PBXNativeTarget section */

/* Begin PBXProject section */
		BAD7A27D1A89B290003ED7D7 /* Project object */ = {
			isa = PBXProject;
			attributes = {
				LastUpgradeCheck = 0610;
				ORGANIZATIONNAME = "Adam Panzer";
				TargetAttributes = {
					BAD7A2841A89B290003ED7D7 = {
						CreatedOnToolsVersion = 6.1.1;
					};
					BAD7A2991A89B290003ED7D7 = {
						CreatedOnToolsVersion = 6.1.1;
						TestTargetID = BAD7A2841A89B290003ED7D7;
					};
				};
			};
			buildConfigurationList = BAD7A2801A89B290003ED7D7 /* Build configuration list for PBXProject "YelpMeOutHere" */;
			compatibilityVersion = "Xcode 3.2";
			developmentRegion = English;
			hasScannedForEncodings = 0;
			knownRegions = (
				en,
				Base,
			);
			mainGroup = BAD7A27C1A89B290003ED7D7;
			productRefGroup = BAD7A2861A89B290003ED7D7 /* Products */;
			projectDirPath = "";
			projectRoot = "";
			targets = (
				BAD7A2841A89B290003ED7D7 /* YelpMeOutHere */,
				BAD7A2991A89B290003ED7D7 /* YelpMeOutHereTests */,
			);
		};
/* End PBXProject section */

/* Begin PBXResourcesBuildPhase section */
		BAD7A2831A89B290003ED7D7 /* Resources */ = {
			isa = PBXResourcesBuildPhase;
			buildActionMask = 2147483647;
			files = (
				BAD7A2901A89B290003ED7D7 /* Main.storyboard in Resources */,
				BAD7A2951A89B290003ED7D7 /* LaunchScreen.xib in Resources */,
				BAD7A2921A89B290003ED7D7 /* Images.xcassets in Resources */,
			);
			runOnlyForDeploymentPostprocessing = 0;
		};
		BAD7A2981A89B290003ED7D7 /* Resources */ = {
			isa = PBXResourcesBuildPhase;
			buildActionMask = 2147483647;
			files = (
			);
			runOnlyForDeploymentPostprocessing = 0;
		};
/* End PBXResourcesBuildPhase section */

/* Begin PBXShellScriptBuildPhase section */
		42DD475A42E647BFFAD3563A /* Check Pods Manifest.lock */ = {
			isa = PBXShellScriptBuildPhase;
			buildActionMask = 2147483647;
			files = (
			);
			inputPaths = (
			);
			name = "Check Pods Manifest.lock";
			outputPaths = (
			);
			runOnlyForDeploymentPostprocessing = 0;
			shellPath = /bin/sh;
			shellScript = "diff \"${PODS_ROOT}/../Podfile.lock\" \"${PODS_ROOT}/Manifest.lock\" > /dev/null\nif [[ $? != 0 ]] ; then\n    cat << EOM\nerror: The sandbox is not in sync with the Podfile.lock. Run 'pod install' or update your CocoaPods installation.\nEOM\n    exit 1\nfi\n";
			showEnvVarsInLog = 0;
		};
		8008726CBDED1454FD057FDB /* Copy Pods Resources */ = {
			isa = PBXShellScriptBuildPhase;
			buildActionMask = 2147483647;
			files = (
			);
			inputPaths = (
			);
			name = "Copy Pods Resources";
			outputPaths = (
			);
			runOnlyForDeploymentPostprocessing = 0;
			shellPath = /bin/sh;
			shellScript = "\"${SRCROOT}/Pods/Target Support Files/Pods/Pods-resources.sh\"\n";
			showEnvVarsInLog = 0;
		};
/* End PBXShellScriptBuildPhase section */

/* Begin PBXSourcesBuildPhase section */
		BAD7A2811A89B290003ED7D7 /* Sources */ = {
			isa = PBXSourcesBuildPhase;
			buildActionMask = 2147483647;
			files = (
				BAD7A28D1A89B290003ED7D7 /* ViewController.swift in Sources */,
				BAE9EC5D1A89BE510045AE27 /* Venue.swift in Sources */,
				BA8372221A89B74E003F3013 /* YelpClient.swift in Sources */,
				BAD7A28B1A89B290003ED7D7 /* AppDelegate.swift in Sources */,
				BAE9EC601A89CCEF0045AE27 /* VenueCell.swift in Sources */,
			);
			runOnlyForDeploymentPostprocessing = 0;
		};
		BAD7A2961A89B290003ED7D7 /* Sources */ = {
			isa = PBXSourcesBuildPhase;
			buildActionMask = 2147483647;
			files = (
				BAD7A2A11A89B290003ED7D7 /* YelpMeOutHereTests.swift in Sources */,
			);
			runOnlyForDeploymentPostprocessing = 0;
		};
/* End PBXSourcesBuildPhase section */

/* Begin PBXTargetDependency section */
		BAD7A29C1A89B290003ED7D7 /* PBXTargetDependency */ = {
			isa = PBXTargetDependency;
			target = BAD7A2841A89B290003ED7D7 /* YelpMeOutHere */;
			targetProxy = BAD7A29B1A89B290003ED7D7 /* PBXContainerItemProxy */;
		};
/* End PBXTargetDependency section */

/* Begin PBXVariantGroup section */
		BAD7A28E1A89B290003ED7D7 /* Main.storyboard */ = {
			isa = PBXVariantGroup;
			children = (
				BAD7A28F1A89B290003ED7D7 /* Base */,
			);
			name = Main.storyboard;
			sourceTree = "<group>";
		};
		BAD7A2931A89B290003ED7D7 /* LaunchScreen.xib */ = {
			isa = PBXVariantGroup;
			children = (
				BAD7A2941A89B290003ED7D7 /* Base */,
			);
			name = LaunchScreen.xib;
			sourceTree = "<group>";
		};
/* End PBXVariantGroup section */

/* Begin XCBuildConfiguration section */
		BAD7A2A21A89B290003ED7D7 /* Debug */ = {
			isa = XCBuildConfiguration;
			buildSettings = {
				ALWAYS_SEARCH_USER_PATHS = NO;
				CLANG_CXX_LANGUAGE_STANDARD = "gnu++0x";
				CLANG_CXX_LIBRARY = "libc++";
				CLANG_ENABLE_MODULES = YES;
				CLANG_ENABLE_OBJC_ARC = YES;
				CLANG_WARN_BOOL_CONVERSION = YES;
				CLANG_WARN_CONSTANT_CONVERSION = YES;
				CLANG_WARN_DIRECT_OBJC_ISA_USAGE = YES_ERROR;
				CLANG_WARN_EMPTY_BODY = YES;
				CLANG_WARN_ENUM_CONVERSION = YES;
				CLANG_WARN_INT_CONVERSION = YES;
				CLANG_WARN_OBJC_ROOT_CLASS = YES_ERROR;
				CLANG_WARN_UNREACHABLE_CODE = YES;
				CLANG_WARN__DUPLICATE_METHOD_MATCH = YES;
				"CODE_SIGN_IDENTITY[sdk=iphoneos*]" = "iPhone Developer";
				COPY_PHASE_STRIP = NO;
				ENABLE_STRICT_OBJC_MSGSEND = YES;
				GCC_C_LANGUAGE_STANDARD = gnu99;
				GCC_DYNAMIC_NO_PIC = NO;
				GCC_OPTIMIZATION_LEVEL = 0;
				GCC_PREPROCESSOR_DEFINITIONS = (
					"DEBUG=1",
					"$(inherited)",
				);
				GCC_SYMBOLS_PRIVATE_EXTERN = NO;
				GCC_WARN_64_TO_32_BIT_CONVERSION = YES;
				GCC_WARN_ABOUT_RETURN_TYPE = YES_ERROR;
				GCC_WARN_UNDECLARED_SELECTOR = YES;
				GCC_WARN_UNINITIALIZED_AUTOS = YES_AGGRESSIVE;
				GCC_WARN_UNUSED_FUNCTION = YES;
				GCC_WARN_UNUSED_VARIABLE = YES;
				IPHONEOS_DEPLOYMENT_TARGET = 8.1;
				MTL_ENABLE_DEBUG_INFO = YES;
				ONLY_ACTIVE_ARCH = YES;
				SDKROOT = iphoneos;
				SWIFT_OPTIMIZATION_LEVEL = "-Onone";
			};
			name = Debug;
		};
		BAD7A2A31A89B290003ED7D7 /* Release */ = {
			isa = XCBuildConfiguration;
			buildSettings = {
				ALWAYS_SEARCH_USER_PATHS = NO;
				CLANG_CXX_LANGUAGE_STANDARD = "gnu++0x";
				CLANG_CXX_LIBRARY = "libc++";
				CLANG_ENABLE_MODULES = YES;
				CLANG_ENABLE_OBJC_ARC = YES;
				CLANG_WARN_BOOL_CONVERSION = YES;
				CLANG_WARN_CONSTANT_CONVERSION = YES;
				CLANG_WARN_DIRECT_OBJC_ISA_USAGE = YES_ERROR;
				CLANG_WARN_EMPTY_BODY = YES;
				CLANG_WARN_ENUM_CONVERSION = YES;
				CLANG_WARN_INT_CONVERSION = YES;
				CLANG_WARN_OBJC_ROOT_CLASS = YES_ERROR;
				CLANG_WARN_UNREACHABLE_CODE = YES;
				CLANG_WARN__DUPLICATE_METHOD_MATCH = YES;
				"CODE_SIGN_IDENTITY[sdk=iphoneos*]" = "iPhone Developer";
				COPY_PHASE_STRIP = YES;
				ENABLE_NS_ASSERTIONS = NO;
				ENABLE_STRICT_OBJC_MSGSEND = YES;
				GCC_C_LANGUAGE_STANDARD = gnu99;
				GCC_WARN_64_TO_32_BIT_CONVERSION = YES;
				GCC_WARN_ABOUT_RETURN_TYPE = YES_ERROR;
				GCC_WARN_UNDECLARED_SELECTOR = YES;
				GCC_WARN_UNINITIALIZED_AUTOS = YES_AGGRESSIVE;
				GCC_WARN_UNUSED_FUNCTION = YES;
				GCC_WARN_UNUSED_VARIABLE = YES;
				IPHONEOS_DEPLOYMENT_TARGET = 8.1;
				MTL_ENABLE_DEBUG_INFO = NO;
				SDKROOT = iphoneos;
				VALIDATE_PRODUCT = YES;
			};
			name = Release;
		};
		BAD7A2A51A89B290003ED7D7 /* Debug */ = {
			isa = XCBuildConfiguration;
			baseConfigurationReference = 8B71C1FB6D118036CD720A53 /* Pods.debug.xcconfig */;
			buildSettings = {
				ASSETCATALOG_COMPILER_APPICON_NAME = AppIcon;
				CLANG_ENABLE_MODULES = YES;
				INFOPLIST_FILE = YelpMeOutHere/Info.plist;
				LD_RUNPATH_SEARCH_PATHS = "$(inherited) @executable_path/Frameworks";
				PRODUCT_NAME = "$(TARGET_NAME)";
				SWIFT_OBJC_BRIDGING_HEADER = "YelpMeOutHere-Bridging-Header.h";
				SWIFT_OPTIMIZATION_LEVEL = "-Onone";
			};
			name = Debug;
		};
		BAD7A2A61A89B290003ED7D7 /* Release */ = {
			isa = XCBuildConfiguration;
			baseConfigurationReference = 0EBC194BBBFD945D9BE451C4 /* Pods.release.xcconfig */;
			buildSettings = {
				ASSETCATALOG_COMPILER_APPICON_NAME = AppIcon;
				CLANG_ENABLE_MODULES = YES;
				INFOPLIST_FILE = YelpMeOutHere/Info.plist;
				LD_RUNPATH_SEARCH_PATHS = "$(inherited) @executable_path/Frameworks";
				PRODUCT_NAME = "$(TARGET_NAME)";
				SWIFT_OBJC_BRIDGING_HEADER = "YelpMeOutHere-Bridging-Header.h";
			};
			name = Release;
		};
		BAD7A2A81A89B290003ED7D7 /* Debug */ = {
			isa = XCBuildConfiguration;
			buildSettings = {
				BUNDLE_LOADER = "$(TEST_HOST)";
				FRAMEWORK_SEARCH_PATHS = (
					"$(SDKROOT)/Developer/Library/Frameworks",
					"$(inherited)",
				);
				GCC_PREPROCESSOR_DEFINITIONS = (
					"DEBUG=1",
					"$(inherited)",
				);
				INFOPLIST_FILE = YelpMeOutHereTests/Info.plist;
				LD_RUNPATH_SEARCH_PATHS = "$(inherited) @executable_path/Frameworks @loader_path/Frameworks";
				PRODUCT_NAME = "$(TARGET_NAME)";
				TEST_HOST = "$(BUILT_PRODUCTS_DIR)/YelpMeOutHere.app/YelpMeOutHere";
			};
			name = Debug;
		};
		BAD7A2A91A89B290003ED7D7 /* Release */ = {
			isa = XCBuildConfiguration;
			buildSettings = {
				BUNDLE_LOADER = "$(TEST_HOST)";
				FRAMEWORK_SEARCH_PATHS = (
					"$(SDKROOT)/Developer/Library/Frameworks",
					"$(inherited)",
				);
				INFOPLIST_FILE = YelpMeOutHereTests/Info.plist;
				LD_RUNPATH_SEARCH_PATHS = "$(inherited) @executable_path/Frameworks @loader_path/Frameworks";
				PRODUCT_NAME = "$(TARGET_NAME)";
				TEST_HOST = "$(BUILT_PRODUCTS_DIR)/YelpMeOutHere.app/YelpMeOutHere";
			};
			name = Release;
		};
/* End XCBuildConfiguration section */

/* Begin XCConfigurationList section */
		BAD7A2801A89B290003ED7D7 /* Build configuration list for PBXProject "YelpMeOutHere" */ = {
			isa = XCConfigurationList;
			buildConfigurations = (
				BAD7A2A21A89B290003ED7D7 /* Debug */,
				BAD7A2A31A89B290003ED7D7 /* Release */,
			);
			defaultConfigurationIsVisible = 0;
			defaultConfigurationName = Release;
		};
		BAD7A2A41A89B290003ED7D7 /* Build configuration list for PBXNativeTarget "YelpMeOutHere" */ = {
			isa = XCConfigurationList;
			buildConfigurations = (
				BAD7A2A51A89B290003ED7D7 /* Debug */,
				BAD7A2A61A89B290003ED7D7 /* Release */,
			);
			defaultConfigurationIsVisible = 0;
			defaultConfigurationName = Release;
		};
		BAD7A2A71A89B290003ED7D7 /* Build configuration list for PBXNativeTarget "YelpMeOutHereTests" */ = {
			isa = XCConfigurationList;
			buildConfigurations = (
				BAD7A2A81A89B290003ED7D7 /* Debug */,
				BAD7A2A91A89B290003ED7D7 /* Release */,
			);
			defaultConfigurationIsVisible = 0;
			defaultConfigurationName = Release;
		};
/* End XCConfigurationList section */
	};
	rootObject = BAD7A27D1A89B290003ED7D7 /* Project object */;
}
