// !$*UTF8*$!
{
	archiveVersion = 1;
	classes = {
	};
	objectVersion = 46;
	objects = {

/* Begin PBXBuildFile section */
		BAD7A28B1A89B290003ED7D7 /* AppDelegate.swift in Sources */ = {isa = PBXBuildFile; fileRef = BAD7A28A1A89B290003ED7D7 /* AppDelegate.swift */; };
		BAD7A28D1A89B290003ED7D7 /* ViewController.swift in Sources */ = {isa = PBXBuildFile; fileRef = BAD7A28C1A89B290003ED7D7 /* ViewController.swift */; };
		BAD7A2901A89B290003ED7D7 /* Main.storyboard in Resources */ = {isa = PBXBuildFile; fileRef = BAD7A28E1A89B290003ED7D7 /* Main.storyboard */; };
		BAD7A2921A89B290003ED7D7 /* Images.xcassets in Resources */ = {isa = PBXBuildFile; fileRef = BAD7A2911A89B290003ED7D7 /* Images.xcassets */; };
		BAD7A2951A89B290003ED7D7 /* LaunchScreen.xib in Resources */ = {isa = PBXBuildFile; fileRef = BAD7A2931A89B290003ED7D7 /* LaunchScreen.xib */; };
		BAD7A2A11A89B290003ED7D7 /* YelpMeOutHereTests.swift in Sources */ = {isa = PBXBuildFile; fileRef = BAD7A2A01A89B290003ED7D7 /* YelpMeOutHereTests.swift */; };
/* End PBXBuildFile section */

/* Begin PBXContainerItemProxy section */
		BAD7A29B1A89B290003ED7D7 /* PBXContainerItemProxy */ = {
			isa = PBXContainerItemProxy;
			containerPortal = BAD7A27D1A89B290003ED7D7 /* Project object */;
			proxyType = 1;
			remoteGlobalIDString = BAD7A2841A89B290003ED7D7;
			remoteInfo = YelpMeOutHere;
		};
/* End PBXContainerItemProxy section */

/* Begin PBXFileReference section */
		BAD7A2851A89B290003ED7D7 /* YelpMeOutHere.app */ = {isa = PBXFileReference; explicitFileType = wrapper.application; includeInIndex = 0; path = YelpMeOutHere.app; sourceTree = BUILT_PRODUCTS_DIR; };
		BAD7A2891A89B290003ED7D7 /* Info.plist */ = {isa = PBXFileReference; lastKnownFileType = text.plist.xml; path = Info.plist; sourceTree = "<group>"; };
		BAD7A28A1A89B290003ED7D7 /* AppDelegate.swift */ = {isa = PBXFileReference; lastKnownFileType = sourcecode.swift; path = AppDelegate.swift; sourceTree = "<group>"; };
		BAD7A28C1A89B290003ED7D7 /* ViewController.swift */ = {isa = PBXFileReference; lastKnownFileType = sourcecode.swift; path = ViewController.swift; sourceTree = "<group>"; };
		BAD7A28F1A89B290003ED7D7 /* Base */ = {isa = PBXFileReference; lastKnownFileType = file.storyboard; name = Base; path = Base.lproj/Main.storyboard; sourceTree = "<group>"; };
		BAD7A2911A89B290003ED7D7 /* Images.xcassets */ = {isa = PBXFileReference; lastKnownFileType = folder.assetcatalog; path = Images.xcassets; sourceTree = "<group>"; };
		BAD7A2941A89B290003ED7D7 /* Base */ = {isa = PBXFileReference; lastKnownFileType = file.xib; name = Base; path = Base.lproj/LaunchScreen.xib; sourceTree = "<group>"; };
		BAD7A29A1A89B290003ED7D7 /* YelpMeOutHereTests.xctest */ = {isa = PBXFileReference; explicitFileType = wrapper.cfbundle; includeInIndex = 0; path = YelpMeOutHereTests.xctest; sourceTree = BUILT_PRODUCTS_DIR; };
		BAD7A29F1A89B290003ED7D7 /* Info.plist */ = {isa = PBXFileReference; lastKnownFileType = text.plist.xml; path = Info.plist; sourceTree = "<group>"; };
		BAD7A2A01A89B290003ED7D7 /* YelpMeOutHereTests.swift */ = {isa = PBXFileReference; lastKnownFileType = sourcecode.swift; path = YelpMeOutHereTests.swift; sourceTree = "<group>"; };
/* End PBXFileReference section */

/* Begin PBXFrameworksBuildPhase section */
		BAD7A2821A89B290003ED7D7 /* Frameworks */ = {
			isa = PBXFrameworksBuildPhase;
			buildActionMask = 2147483647;
			files = (
			);
			runOnlyForDeploymentPostprocessing = 0;
		};
		BAD7A2971A89B290003ED7D7 /* Frameworks */ = {
			isa = PBXFrameworksBuildPhase;
			buildActionMask = 2147483647;
			files = (
			);
			runOnlyForDeploymentPostprocessing = 0;
		};
/* End PBXFrameworksBuildPhase section */

/* Begin PBXGroup section */
		BAD7A27C1A89B290003ED7D7 = {
			isa = PBXGroup;
			children = (
				BAD7A2871A89B290003ED7D7 /* YelpMeOutHere */,
				BAD7A29D1A89B290003ED7D7 /* YelpMeOutHereTests */,
				BAD7A2861A89B290003ED7D7 /* Products */,
			);
			sourceTree = "<group>";
		};
		BAD7A2861A89B290003ED7D7 /* Products */ = {
			isa = PBXGroup;
			children = (
				BAD7A2851A89B290003ED7D7 /* YelpMeOutHere.app */,
				BAD7A29A1A89B290003ED7D7 /* YelpMeOutHereTests.xctest */,
			);
			name = Products;
			sourceTree = "<group>";
		};
		BAD7A2871A89B290003ED7D7 /* YelpMeOutHere */ = {
			isa = PBXGroup;
			children = (
				BAD7A28A1A89B290003ED7D7 /* AppDelegate.swift */,
				BAD7A28C1A89B290003ED7D7 /* ViewController.swift */,
				BAD7A28E1A89B290003ED7D7 /* Main.storyboard */,
				BAD7A2911A89B290003ED7D7 /* Images.xcassets */,
				BAD7A2931A89B290003ED7D7 /* LaunchScreen.xib */,
				BAD7A2881A89B290003ED7D7 /* Supporting Files */,
			);
			path = YelpMeOutHere;
			sourceTree = "<group>";
		};
		BAD7A2881A89B290003ED7D7 /* Supporting Files */ = {
			isa = PBXGroup;
			children = (
				BAD7A2891A89B290003ED7D7 /* Info.plist */,
			);
			name = "Supporting Files";
			sourceTree = "<group>";
		};
		BAD7A29D1A89B290003ED7D7 /* YelpMeOutHereTests */ = {
			isa = PBXGroup;
			children = (
				BAD7A2A01A89B290003ED7D7 /* YelpMeOutHereTests.swift */,
				BAD7A29E1A89B290003ED7D7 /* Supporting Files */,
			);
			path = YelpMeOutHereTests;
			sourceTree = "<group>";
		};
		BAD7A29E1A89B290003ED7D7 /* Supporting Files */ = {
			isa = PBXGroup;
			children = (
				BAD7A29F1A89B290003ED7D7 /* Info.plist */,
			);
			name = "Supporting Files";
			sourceTree = "<group>";
		};
/* End PBXGroup section */

/* Begin PBXNativeTarget section */
		BAD7A2841A89B290003ED7D7 /* YelpMeOutHere */ = {
			isa = PBXNativeTarget;
			buildConfigurationList = BAD7A2A41A89B290003ED7D7 /* Build configuration list for PBXNativeTarget "YelpMeOutHere" */;
			buildPhases = (
				BAD7A2811A89B290003ED7D7 /* Sources */,
				BAD7A2821A89B290003ED7D7 /* Frameworks */,
				BAD7A2831A89B290003ED7D7 /* Resources */,
			);
			buildRules = (
			);
			dependencies = (
			);
			name = YelpMeOutHere;
			productName = YelpMeOutHere;
			productReference = BAD7A2851A89B290003ED7D7 /* YelpMeOutHere.app */;
			productType = "com.apple.product-type.application";
		};
		BAD7A2991A89B290003ED7D7 /* YelpMeOutHereTests */ = {
			isa = PBXNativeTarget;
			buildConfigurationList = BAD7A2A71A89B290003ED7D7 /* Build configuration list for PBXNativeTarget "YelpMeOutHereTests" */;
			buildPhases = (
				BAD7A2961A89B290003ED7D7 /* Sources */,
				BAD7A2971A89B290003ED7D7 /* Frameworks */,
				BAD7A2981A89B290003ED7D7 /* Resources */,
			);
			buildRules = (
			);
			dependencies = (
				BAD7A29C1A89B290003ED7D7 /* PBXTargetDependency */,
			);
			name = YelpMeOutHereTests;
			productName = YelpMeOutHereTests;
			productReference = BAD7A29A1A89B290003ED7D7 /* YelpMeOutHereTests.xctest */;
			productType = "com.apple.product-type.bundle.unit-test";
		};
/* End PBXNativeTarget section */

/* Begin PBXProject section */
		BAD7A27D1A89B290003ED7D7 /* Project object */ = {
			isa = PBXProject;
			attributes = {
				LastUpgradeCheck = 0610;
				ORGANIZATIONNAME = "Adam Panzer";
				TargetAttributes = {
					BAD7A2841A89B290003ED7D7 = {
						CreatedOnToolsVersion = 6.1.1;
					};
					BAD7A2991A89B290003ED7D7 = {
						CreatedOnToolsVersion = 6.1.1;
						TestTargetID = BAD7A2841A89B290003ED7D7;
					};
				};
			};
			buildConfigurationList = BAD7A2801A89B290003ED7D7 /* Build configuration list for PBXProject "YelpMeOutHere" */;
			compatibilityVersion = "Xcode 3.2";
			developmentRegion = English;
			hasScannedForEncodings = 0;
			knownRegions = (
				en,
				Base,
			);
			mainGroup = BAD7A27C1A89B290003ED7D7;
			productRefGroup = BAD7A2861A89B290003ED7D7 /* Products */;
			projectDirPath = "";
			projectRoot = "";
			targets = (
				BAD7A2841A89B290003ED7D7 /* YelpMeOutHere */,
				BAD7A2991A89B290003ED7D7 /* YelpMeOutHereTests */,
			);
		};
/* End PBXProject section */

/* Begin PBXResourcesBuildPhase section */
		BAD7A2831A89B290003ED7D7 /* Resources */ = {
			isa = PBXResourcesBuildPhase;
			buildActionMask = 2147483647;
			files = (
				BAD7A2901A89B290003ED7D7 /* Main.storyboard in Resources */,
				BAD7A2951A89B290003ED7D7 /* LaunchScreen.xib in Resources */,
				BAD7A2921A89B290003ED7D7 /* Images.xcassets in Resources */,
			);
			runOnlyForDeploymentPostprocessing = 0;
		};
		BAD7A2981A89B290003ED7D7 /* Resources */ = {
			isa = PBXResourcesBuildPhase;
			buildActionMask = 2147483647;
			files = (
			);
			runOnlyForDeploymentPostprocessing = 0;
		};
/* End PBXResourcesBuildPhase section */

/* Begin PBXSourcesBuildPhase section */
		BAD7A2811A89B290003ED7D7 /* Sources */ = {
			isa = PBXSourcesBuildPhase;
			buildActionMask = 2147483647;
			files = (
				BAD7A28D1A89B290003ED7D7 /* ViewController.swift in Sources */,
				BAD7A28B1A89B290003ED7D7 /* AppDelegate.swift in Sources */,
			);
			runOnlyForDeploymentPostprocessing = 0;
		};
		BAD7A2961A89B290003ED7D7 /* Sources */ = {
			isa = PBXSourcesBuildPhase;
			buildActionMask = 2147483647;
			files = (
				BAD7A2A11A89B290003ED7D7 /* YelpMeOutHereTests.swift in Sources */,
			);
			runOnlyForDeploymentPostprocessing = 0;
		};
/* End PBXSourcesBuildPhase section */

/* Begin PBXTargetDependency section */
		BAD7A29C1A89B290003ED7D7 /* PBXTargetDependency */ = {
			isa = PBXTargetDependency;
			target = BAD7A2841A89B290003ED7D7 /* YelpMeOutHere */;
			targetProxy = BAD7A29B1A89B290003ED7D7 /* PBXContainerItemProxy */;
		};
/* End PBXTargetDependency section */

/* Begin PBXVariantGroup section */
		BAD7A28E1A89B290003ED7D7 /* Main.storyboard */ = {
			isa = PBXVariantGroup;
			children = (
				BAD7A28F1A89B290003ED7D7 /* Base */,
			);
			name = Main.storyboard;
			sourceTree = "<group>";
		};
		BAD7A2931A89B290003ED7D7 /* LaunchScreen.xib */ = {
			isa = PBXVariantGroup;
			children = (
				BAD7A2941A89B290003ED7D7 /* Base */,
			);
			name = LaunchScreen.xib;
			sourceTree = "<group>";
		};
/* End PBXVariantGroup section */

/* Begin XCBuildConfiguration section */
		BAD7A2A21A89B290003ED7D7 /* Debug */ = {
			isa = XCBuildConfiguration;
			buildSettings = {
				ALWAYS_SEARCH_USER_PATHS = NO;
				CLANG_CXX_LANGUAGE_STANDARD = "gnu++0x";
				CLANG_CXX_LIBRARY = "libc++";
				CLANG_ENABLE_MODULES = YES;
				CLANG_ENABLE_OBJC_ARC = YES;
				CLANG_WARN_BOOL_CONVERSION = YES;
				CLANG_WARN_CONSTANT_CONVERSION = YES;
				CLANG_WARN_DIRECT_OBJC_ISA_USAGE = YES_ERROR;
				CLANG_WARN_EMPTY_BODY = YES;
				CLANG_WARN_ENUM_CONVERSION = YES;
				CLANG_WARN_INT_CONVERSION = YES;
				CLANG_WARN_OBJC_ROOT_CLASS = YES_ERROR;
				CLANG_WARN_UNREACHABLE_CODE = YES;
				CLANG_WARN__DUPLICATE_METHOD_MATCH = YES;
				"CODE_SIGN_IDENTITY[sdk=iphoneos*]" = "iPhone Developer";
				COPY_PHASE_STRIP = NO;
				ENABLE_STRICT_OBJC_MSGSEND = YES;
				GCC_C_LANGUAGE_STANDARD = gnu99;
				GCC_DYNAMIC_NO_PIC = NO;
				GCC_OPTIMIZATION_LEVEL = 0;
				GCC_PREPROCESSOR_DEFINITIONS = (
					"DEBUG=1",
					"$(inherited)",
				);
				GCC_SYMBOLS_PRIVATE_EXTERN = NO;
				GCC_WARN_64_TO_32_BIT_CONVERSION = YES;
				GCC_WARN_ABOUT_RETURN_TYPE = YES_ERROR;
				GCC_WARN_UNDECLARED_SELECTOR = YES;
				GCC_WARN_UNINITIALIZED_AUTOS = YES_AGGRESSIVE;
				GCC_WARN_UNUSED_FUNCTION = YES;
				GCC_WARN_UNUSED_VARIABLE = YES;
				IPHONEOS_DEPLOYMENT_TARGET = 8.1;
				MTL_ENABLE_DEBUG_INFO = YES;
				ONLY_ACTIVE_ARCH = YES;
				SDKROOT = iphoneos;
				SWIFT_OPTIMIZATION_LEVEL = "-Onone";
			};
			name = Debug;
		};
		BAD7A2A31A89B290003ED7D7 /* Release */ = {
			isa = XCBuildConfiguration;
			buildSettings = {
				ALWAYS_SEARCH_USER_PATHS = NO;
				CLANG_CXX_LANGUAGE_STANDARD = "gnu++0x";
				CLANG_CXX_LIBRARY = "libc++";
				CLANG_ENABLE_MODULES = YES;
				CLANG_ENABLE_OBJC_ARC = YES;
				CLANG_WARN_BOOL_CONVERSION = YES;
				CLANG_WARN_CONSTANT_CONVERSION = YES;
				CLANG_WARN_DIRECT_OBJC_ISA_USAGE = YES_ERROR;
				CLANG_WARN_EMPTY_BODY = YES;
				CLANG_WARN_ENUM_CONVERSION = YES;
				CLANG_WARN_INT_CONVERSION = YES;
				CLANG_WARN_OBJC_ROOT_CLASS = YES_ERROR;
				CLANG_WARN_UNREACHABLE_CODE = YES;
				CLANG_WARN__DUPLICATE_METHOD_MATCH = YES;
				"CODE_SIGN_IDENTITY[sdk=iphoneos*]" = "iPhone Developer";
				COPY_PHASE_STRIP = YES;
				ENABLE_NS_ASSERTIONS = NO;
				ENABLE_STRICT_OBJC_MSGSEND = YES;
				GCC_C_LANGUAGE_STANDARD = gnu99;
				GCC_WARN_64_TO_32_BIT_CONVERSION = YES;
				GCC_WARN_ABOUT_RETURN_TYPE = YES_ERROR;
				GCC_WARN_UNDECLARED_SELECTOR = YES;
				GCC_WARN_UNINITIALIZED_AUTOS = YES_AGGRESSIVE;
				GCC_WARN_UNUSED_FUNCTION = YES;
				GCC_WARN_UNUSED_VARIABLE = YES;
				IPHONEOS_DEPLOYMENT_TARGET = 8.1;
				MTL_ENABLE_DEBUG_INFO = NO;
				SDKROOT = iphoneos;
				VALIDATE_PRODUCT = YES;
			};
			name = Release;
		};
		BAD7A2A51A89B290003ED7D7 /* Debug */ = {
			isa = XCBuildConfiguration;
			buildSettings = {
				ASSETCATALOG_COMPILER_APPICON_NAME = AppIcon;
				INFOPLIST_FILE = YelpMeOutHere/Info.plist;
				LD_RUNPATH_SEARCH_PATHS = "$(inherited) @executable_path/Frameworks";
				PRODUCT_NAME = "$(TARGET_NAME)";
			};
			name = Debug;
		};
		BAD7A2A61A89B290003ED7D7 /* Release */ = {
			isa = XCBuildConfiguration;
			buildSettings = {
				ASSETCATALOG_COMPILER_APPICON_NAME = AppIcon;
				INFOPLIST_FILE = YelpMeOutHere/Info.plist;
				LD_RUNPATH_SEARCH_PATHS = "$(inherited) @executable_path/Frameworks";
				PRODUCT_NAME = "$(TARGET_NAME)";
			};
			name = Release;
		};
		BAD7A2A81A89B290003ED7D7 /* Debug */ = {
			isa = XCBuildConfiguration;
			buildSettings = {
				BUNDLE_LOADER = "$(TEST_HOST)";
				FRAMEWORK_SEARCH_PATHS = (
					"$(SDKROOT)/Developer/Library/Frameworks",
					"$(inherited)",
				);
				GCC_PREPROCESSOR_DEFINITIONS = (
					"DEBUG=1",
					"$(inherited)",
				);
				INFOPLIST_FILE = YelpMeOutHereTests/Info.plist;
				LD_RUNPATH_SEARCH_PATHS = "$(inherited) @executable_path/Frameworks @loader_path/Frameworks";
				PRODUCT_NAME = "$(TARGET_NAME)";
				TEST_HOST = "$(BUILT_PRODUCTS_DIR)/YelpMeOutHere.app/YelpMeOutHere";
			};
			name = Debug;
		};
		BAD7A2A91A89B290003ED7D7 /* Release */ = {
			isa = XCBuildConfiguration;
			buildSettings = {
				BUNDLE_LOADER = "$(TEST_HOST)";
				FRAMEWORK_SEARCH_PATHS = (
					"$(SDKROOT)/Developer/Library/Frameworks",
					"$(inherited)",
				);
				INFOPLIST_FILE = YelpMeOutHereTests/Info.plist;
				LD_RUNPATH_SEARCH_PATHS = "$(inherited) @executable_path/Frameworks @loader_path/Frameworks";
				PRODUCT_NAME = "$(TARGET_NAME)";
				TEST_HOST = "$(BUILT_PRODUCTS_DIR)/YelpMeOutHere.app/YelpMeOutHere";
			};
			name = Release;
		};
/* End XCBuildConfiguration section */

/* Begin XCConfigurationList section */
		BAD7A2801A89B290003ED7D7 /* Build configuration list for PBXProject "YelpMeOutHere" */ = {
			isa = XCConfigurationList;
			buildConfigurations = (
				BAD7A2A21A89B290003ED7D7 /* Debug */,
				BAD7A2A31A89B290003ED7D7 /* Release */,
			);
			defaultConfigurationIsVisible = 0;
			defaultConfigurationName = Release;
		};
		BAD7A2A41A89B290003ED7D7 /* Build configuration list for PBXNativeTarget "YelpMeOutHere" */ = {
			isa = XCConfigurationList;
			buildConfigurations = (
				BAD7A2A51A89B290003ED7D7 /* Debug */,
				BAD7A2A61A89B290003ED7D7 /* Release */,
			);
			defaultConfigurationIsVisible = 0;
		};
		BAD7A2A71A89B290003ED7D7 /* Build configuration list for PBXNativeTarget "YelpMeOutHereTests" */ = {
			isa = XCConfigurationList;
			buildConfigurations = (
				BAD7A2A81A89B290003ED7D7 /* Debug */,
				BAD7A2A91A89B290003ED7D7 /* Release */,
			);
			defaultConfigurationIsVisible = 0;
		};
/* End XCConfigurationList section */
	};
	rootObject = BAD7A27D1A89B290003ED7D7 /* Project object */;
}
